PODS:
  - EGRGBA (0.1.0)
  - Kiwi (2.4.0)

DEPENDENCIES:
  - EGRGBA (from `../`)
  - Kiwi

EXTERNAL SOURCES:
  EGRGBA:
    :path: ../

SPEC CHECKSUMS:
  EGRGBA: 38ee570712532b9f7ee75958cb2a2f09f4b7bd2a
  Kiwi: f49c9d54b28917df5928fe44968a39ed198cb8a8

PODFILE CHECKSUM: f4d8f42d597297c8f656cbd3dc07fc0a59b46bc2

COCOAPODS: 1.3.1
